
Microsoft Visual Studio Solution File, Format Version 12.00
# Visual Studio Version 17
VisualStudioVersion = 17.14.36804.6
MinimumVisualStudioVersion = 10.0.40219.1
Project("{FAE04EC0-301F-11D3-BF4B-00C04F79EFBC}") = "TinyFLVER", "TinyFLVER\TinyFLVER.csproj", "{99764E5B-ACF8-24BA-1A21-4F70F0FAC845}"
EndProject
Global
	GlobalSection(SolutionConfigurationPlatforms) = preSolution
		Debug|Any CPU = Debug|Any CPU
		Debug|x64 = Debug|x64
		Release|Any CPU = Release|Any CPU
		Release|x64 = Release|x64
	EndGlobalSection
	GlobalSection(ProjectConfigurationPlatforms) = postSolution
		{99764E5B-ACF8-24BA-1A21-4F70F0FAC845}.Debug|Any CPU.ActiveCfg = Debug|Any CPU
		{99764E5B-ACF8-24BA-1A21-4F70F0FAC845}.Debug|Any CPU.Build.0 = Debug|Any CPU
		{99764E5B-ACF8-24BA-1A21-4F70F0FAC845}.Debug|x64.ActiveCfg = Debug|x64
		{99764E5B-ACF8-24BA-1A21-4F70F0FAC845}.Debug|x64.Build.0 = Debug|x64
		{99764E5B-ACF8-24BA-1A21-4F70F0FAC845}.Release|Any CPU.ActiveCfg = Release|Any CPU
		{99764E5B-ACF8-24BA-1A21-4F70F0FAC845}.Release|Any CPU.Build.0 = Release|Any CPU
		{99764E5B-ACF8-24BA-1A21-4F70F0FAC845}.Release|x64.ActiveCfg = Release|x64
		{99764E5B-ACF8-24BA-1A21-4F70F0FAC845}.Release|x64.Build.0 = Release|x64
	EndGlobalSection
	GlobalSection(SolutionProperties) = preSolution
		HideSolutionNode = FALSE
	EndGlobalSection
	GlobalSection(ExtensibilityGlobals) = postSolution
		SolutionGuid = {A473F015-0FCA-4700-B4A8-A52B8E0102B8}
	EndGlobalSection
EndGlobal
